{
  "name": "TorpedoSync",
  "version": "1.0.0",
  "lockfileVersion": 1,
  "requires": true,
  "dependencies": {
    "@types/q": {
      "version": "1.5.2",
      "resolved": "https://registry.npmjs.org/@types/q/-/q-1.5.2.tgz",
      "integrity": "sha1-aQoUdbhPKohP0HzXl8APXzE1bqg=",
      "dev": true
    },
    "@vue/component-compiler-utils": {
      "version": "2.6.0",
      "resolved": "https://registry.npmjs.org/@vue/component-compiler-utils/-/component-compiler-utils-2.6.0.tgz",
      "integrity": "sha1-qkbSpvdkdECwuJMkNNIvEjceVDs=",
      "dev": true,
      "requires": {
        "consolidate": "^0.15.1",
        "hash-sum": "^1.0.2",
        "lru-cache": "^4.1.2",
        "merge-source-map": "^1.1.0",
        "postcss": "^7.0.14",
        "postcss-selector-parser": "^5.0.0",
        "prettier": "1.16.3",
        "source-map": "~0.6.1",
        "vue-template-es2015-compiler": "^1.9.0"
      }
    },
    "alphanum-sort": {
      "version": "1.0.2",
      "resolved": "https://registry.npmjs.org/alphanum-sort/-/alphanum-sort-1.0.2.tgz",
      "integrity": "sha1-l6ERlkmyEa0zaR2fn0hqjsn74KM=",
      "dev": true
    },
    "ansi-styles": {
      "version": "3.2.1",
      "resolved": "https://registry.npmjs.org/ansi-styles/-/ansi-styles-3.2.1.tgz",
      "integrity": "sha1-QfuyAkPlCxK+DwS43tvwdSDOhB0=",
      "dev": true,
      "requires": {
        "color-convert": "^1.9.0"
      }
    },
    "argparse": {
      "version": "1.0.10",
      "resolved": "https://registry.npmjs.org/argparse/-/argparse-1.0.10.tgz",
      "integrity": "sha512-o5Roy6tNG4SL/FOkCAN6RzjiakZS25RLYFrcMttJqbdd8BWrnA+fGz57iN5Pb06pvBGvl5gQ0B48dJlslXvoTg==",
      "dev": true,
      "requires": {
        "sprintf-js": "~1.0.2"
      }
    },
    "bluebird": {
      "version": "3.5.3",
      "resolved": "https://registry.npmjs.org/bluebird/-/bluebird-3.5.3.tgz",
      "integrity": "sha1-fQHG+WFsmlGrD4xUmnnf5uwz76c=",
      "dev": true
    },
    "boolbase": {
      "version": "1.0.0",
      "resolved": "https://registry.npmjs.org/boolbase/-/boolbase-1.0.0.tgz",
      "integrity": "sha1-aN/1++YMUes3cl6p4+0xDcwed24=",
      "dev": true
    },
    "browserslist": {
      "version": "4.5.3",
      "resolved": "https://registry.npmjs.org/browserslist/-/browserslist-4.5.3.tgz",
      "integrity": "sha1-lpSVxBAxS8ifFOdIUF5YvpaAgPE=",
      "dev": true,
      "requires": {
        "caniuse-lite": "^1.0.30000955",
        "electron-to-chromium": "^1.3.122",
        "node-releases": "^1.1.12"
      }
    },
    "caller-callsite": {
      "version": "2.0.0",
      "resolved": "https://registry.npmjs.org/caller-callsite/-/caller-callsite-2.0.0.tgz",
      "integrity": "sha1-hH4PzgoiN1CpoCfFSzNzGtMVQTQ=",
      "dev": true,
      "requires": {
        "callsites": "^2.0.0"
      }
    },
    "caller-path": {
      "version": "2.0.0",
      "resolved": "https://registry.npmjs.org/caller-path/-/caller-path-2.0.0.tgz",
      "integrity": "sha1-Ro+DBE42mrIBD6xfBs7uFbsssfQ=",
      "dev": true,
      "requires": {
        "caller-callsite": "^2.0.0"
      }
    },
    "callsites": {
      "version": "2.0.0",
      "resolved": "https://registry.npmjs.org/callsites/-/callsites-2.0.0.tgz",
      "integrity": "sha1-BuuE8A7qQT2oav/vrL/7Ngk7PFA=",
      "dev": true
    },
    "caniuse-api": {
      "version": "3.0.0",
      "resolved": "https://registry.npmjs.org/caniuse-api/-/caniuse-api-3.0.0.tgz",
      "integrity": "sha1-Xk2Q4idJYdRikZl99Znj7QCO5MA=",
      "dev": true,
      "requires": {
        "browserslist": "^4.0.0",
        "caniuse-lite": "^1.0.0",
        "lodash.memoize": "^4.1.2",
        "lodash.uniq": "^4.5.0"
      }
    },
    "caniuse-lite": {
      "version": "1.0.30000955",
      "resolved": "https://registry.npmjs.org/caniuse-lite/-/caniuse-lite-1.0.30000955.tgz",
      "integrity": "sha1-Ng/bmh5B1t2ZYTBBEzTkSjnkRG0=",
      "dev": true
    },
    "chalk": {
      "version": "2.4.2",
      "resolved": "https://registry.npmjs.org/chalk/-/chalk-2.4.2.tgz",
      "integrity": "sha1-zUJUFnelQzPPVBpJEIwUMrRMlCQ=",
      "dev": true,
      "requires": {
        "ansi-styles": "^3.2.1",
        "escape-string-regexp": "^1.0.5",
        "supports-color": "^5.3.0"
      },
      "dependencies": {
        "supports-color": {
          "version": "5.5.0",
          "resolved": "https://registry.npmjs.org/supports-color/-/supports-color-5.5.0.tgz",
          "integrity": "sha1-4uaaRKyHcveKHsCzW2id9lMO/I8=",
          "dev": true,
          "requires": {
            "has-flag": "^3.0.0"
          }
        }
      }
    },
    "coa": {
      "version": "2.0.2",
      "resolved": "https://registry.npmjs.org/coa/-/coa-2.0.2.tgz",
      "integrity": "sha1-Q/bCEVG07yv1cYfbDXPeIp4+fsM=",
      "dev": true,
      "requires": {
        "@types/q": "^1.5.1",
        "chalk": "^2.4.1",
        "q": "^1.1.2"
      }
    },
    "color": {
      "version": "3.1.0",
      "resolved": "https://registry.npmjs.org/color/-/color-3.1.0.tgz",
      "integrity": "sha1-2On7CWcyh1d0yEv5IoFd8DCND/w=",
      "dev": true,
      "requires": {
        "color-convert": "^1.9.1",
        "color-string": "^1.5.2"
      }
    },
    "color-convert": {
      "version": "1.9.3",
      "resolved": "https://registry.npmjs.org/color-convert/-/color-convert-1.9.3.tgz",
      "integrity": "sha1-u3GFBpDh8TZWfeYp0tVHHe2kweg=",
      "dev": true,
      "requires": {
        "color-name": "1.1.3"
      }
    },
    "color-name": {
      "version": "1.1.3",
      "resolved": "https://registry.npmjs.org/color-name/-/color-name-1.1.3.tgz",
      "integrity": "sha1-p9BVi9icQveV3UIyj3QIMcpTvCU=",
      "dev": true
    },
    "color-string": {
      "version": "1.5.3",
      "resolved": "https://registry.npmjs.org/color-string/-/color-string-1.5.3.tgz",
      "integrity": "sha1-ybvF8BtYtUkvPWhXRZy2WQziBMw=",
      "dev": true,
      "requires": {
        "color-name": "^1.0.0",
        "simple-swizzle": "^0.2.2"
      }
    },
    "consolidate": {
      "version": "0.15.1",
      "resolved": "https://registry.npmjs.org/consolidate/-/consolidate-0.15.1.tgz",
      "integrity": "sha1-IasEMjXHGgfUXZqtmFk7DbpWurc=",
      "dev": true,
      "requires": {
        "bluebird": "^3.1.1"
      }
    },
    "cosmiconfig": {
      "version": "5.2.0",
      "resolved": "https://registry.npmjs.org/cosmiconfig/-/cosmiconfig-5.2.0.tgz",
      "integrity": "sha1-RQOOTSin/nhyA67enCW8pKCLEsg=",
      "dev": true,
      "requires": {
        "import-fresh": "^2.0.0",
        "is-directory": "^0.3.1",
        "js-yaml": "^3.13.0",
        "parse-json": "^4.0.0"
      }
    },
    "css-color-names": {
      "version": "0.0.4",
      "resolved": "https://registry.npmjs.org/css-color-names/-/css-color-names-0.0.4.tgz",
      "integrity": "sha1-gIrcLnnPhHOAabZGyyDsJ762KeA=",
      "dev": true
    },
    "css-declaration-sorter": {
      "version": "4.0.1",
      "resolved": "https://registry.npmjs.org/css-declaration-sorter/-/css-declaration-sorter-4.0.1.tgz",
      "integrity": "sha1-wZiUD2OnbX42wecQGLABchBUyyI=",
      "dev": true,
      "requires": {
        "postcss": "^7.0.1",
        "timsort": "^0.3.0"
      }
    },
    "css-select": {
      "version": "2.0.2",
      "resolved": "https://registry.npmjs.org/css-select/-/css-select-2.0.2.tgz",
      "integrity": "sha1-q0OGzsnh9miFVWSxfDcztDsqXt4=",
      "dev": true,
      "requires": {
        "boolbase": "^1.0.0",
        "css-what": "^2.1.2",
        "domutils": "^1.7.0",
        "nth-check": "^1.0.2"
      }
    },
    "css-select-base-adapter": {
      "version": "0.1.1",
      "resolved": "https://registry.npmjs.org/css-select-base-adapter/-/css-select-base-adapter-0.1.1.tgz",
      "integrity": "sha1-Oy/0lyzDYquIVhUHqVQIoUMhNdc=",
      "dev": true
    },
    "css-tree": {
      "version": "1.0.0-alpha.28",
      "resolved": "https://registry.npmjs.org/css-tree/-/css-tree-1.0.0-alpha.28.tgz",
      "integrity": "sha1-joloGQ2IbJR3vI1h6W9hrz9/+n8=",
      "dev": true,
      "requires": {
        "mdn-data": "~1.1.0",
        "source-map": "^0.5.3"
      },
      "dependencies": {
        "source-map": {
          "version": "0.5.7",
          "resolved": "https://registry.npmjs.org/source-map/-/source-map-0.5.7.tgz",
          "integrity": "sha1-igOdLRAh0i0eoUyA2OpGi6LvP8w=",
          "dev": true
        }
      }
    },
    "css-unit-converter": {
      "version": "1.1.1",
      "resolved": "https://registry.npmjs.org/css-unit-converter/-/css-unit-converter-1.1.1.tgz",
      "integrity": "sha1-2bkoGtz9jO2TW9urqDeGiX9k6ZY=",
      "dev": true
    },
    "css-url-regex": {
      "version": "1.1.0",
      "resolved": "https://registry.npmjs.org/css-url-regex/-/css-url-regex-1.1.0.tgz",
      "integrity": "sha1-g4NCMMyfdMRX3lnuvRVD/uuDt+w=",
      "dev": true
    },
    "css-what": {
      "version": "2.1.3",
      "resolved": "https://registry.npmjs.org/css-what/-/css-what-2.1.3.tgz",
      "integrity": "sha1-ptdgRXM2X+dGhsPzEcVlE9iChfI=",
      "dev": true
    },
    "cssesc": {
      "version": "2.0.0",
      "resolved": "https://registry.npmjs.org/cssesc/-/cssesc-2.0.0.tgz",
      "integrity": "sha1-OxO9G7HLNuG8taTc0n9UxdyzVwM=",
      "dev": true
    },
    "cssnano": {
      "version": "4.1.10",
      "resolved": "https://registry.npmjs.org/cssnano/-/cssnano-4.1.10.tgz",
      "integrity": "sha1-CsQfCxPRPUZUh+ERt3jULaYxuLI=",
      "dev": true,
      "requires": {
        "cosmiconfig": "^5.0.0",
        "cssnano-preset-default": "^4.0.7",
        "is-resolvable": "^1.0.0",
        "postcss": "^7.0.0"
      }
    },
    "cssnano-preset-default": {
      "version": "4.0.7",
      "resolved": "https://registry.npmjs.org/cssnano-preset-default/-/cssnano-preset-default-4.0.7.tgz",
      "integrity": "sha1-UexmLM/KD4izltzZZ5zbkxvhf3Y=",
      "dev": true,
      "requires": {
        "css-declaration-sorter": "^4.0.1",
        "cssnano-util-raw-cache": "^4.0.1",
        "postcss": "^7.0.0",
        "postcss-calc": "^7.0.1",
        "postcss-colormin": "^4.0.3",
        "postcss-convert-values": "^4.0.1",
        "postcss-discard-comments": "^4.0.2",
        "postcss-discard-duplicates": "^4.0.2",
        "postcss-discard-empty": "^4.0.1",
        "postcss-discard-overridden": "^4.0.1",
        "postcss-merge-longhand": "^4.0.11",
        "postcss-merge-rules": "^4.0.3",
        "postcss-minify-font-values": "^4.0.2",
        "postcss-minify-gradients": "^4.0.2",
        "postcss-minify-params": "^4.0.2",
        "postcss-minify-selectors": "^4.0.2",
        "postcss-normalize-charset": "^4.0.1",
        "postcss-normalize-display-values": "^4.0.2",
        "postcss-normalize-positions": "^4.0.2",
        "postcss-normalize-repeat-style": "^4.0.2",
        "postcss-normalize-string": "^4.0.2",
        "postcss-normalize-timing-functions": "^4.0.2",
        "postcss-normalize-unicode": "^4.0.1",
        "postcss-normalize-url": "^4.0.1",
        "postcss-normalize-whitespace": "^4.0.2",
        "postcss-ordered-values": "^4.1.2",
        "postcss-reduce-initial": "^4.0.3",
        "postcss-reduce-transforms": "^4.0.2",
        "postcss-svgo": "^4.0.2",
        "postcss-unique-selectors": "^4.0.1"
      }
    },
    "cssnano-util-get-arguments": {
      "version": "4.0.0",
      "resolved": "https://registry.npmjs.org/cssnano-util-get-arguments/-/cssnano-util-get-arguments-4.0.0.tgz",
      "integrity": "sha1-7ToIKZ8h11dBsg87gfGU7UnMFQ8=",
      "dev": true
    },
    "cssnano-util-get-match": {
      "version": "4.0.0",
      "resolved": "https://registry.npmjs.org/cssnano-util-get-match/-/cssnano-util-get-match-4.0.0.tgz",
      "integrity": "sha1-wOTKB/U4a7F+xeUiULT1lhNlFW0=",
      "dev": true
    },
    "cssnano-util-raw-cache": {
      "version": "4.0.1",
      "resolved": "https://registry.npmjs.org/cssnano-util-raw-cache/-/cssnano-util-raw-cache-4.0.1.tgz",
      "integrity": "sha1-sm1f1fcqEd/np4RvtMZyYPlr8oI=",
      "dev": true,
      "requires": {
        "postcss": "^7.0.0"
      }
    },
    "cssnano-util-same-parent": {
      "version": "4.0.1",
      "resolved": "https://registry.npmjs.org/cssnano-util-same-parent/-/cssnano-util-same-parent-4.0.1.tgz",
      "integrity": "sha1-V0CC+yhZ0ttDOFWDXZqEVuoYu/M=",
      "dev": true
    },
    "csso": {
      "version": "3.5.1",
      "resolved": "https://registry.npmjs.org/csso/-/csso-3.5.1.tgz",
      "integrity": "sha1-e564vmFiiXPBsmHhadLwJACOdYs=",
      "dev": true,
      "requires": {
        "css-tree": "1.0.0-alpha.29"
      },
      "dependencies": {
        "css-tree": {
          "version": "1.0.0-alpha.29",
          "resolved": "https://registry.npmjs.org/css-tree/-/css-tree-1.0.0-alpha.29.tgz",
          "integrity": "sha1-P6nU7zFCy9HDAedmTB81K9gvWjk=",
          "dev": true,
          "requires": {
            "mdn-data": "~1.1.0",
            "source-map": "^0.5.3"
          }
        },
        "source-map": {
          "version": "0.5.7",
          "resolved": "https://registry.npmjs.org/source-map/-/source-map-0.5.7.tgz",
          "integrity": "sha1-igOdLRAh0i0eoUyA2OpGi6LvP8w=",
          "dev": true
        }
      }
    },
    "de-indent": {
      "version": "1.0.2",
      "resolved": "https://registry.npmjs.org/de-indent/-/de-indent-1.0.2.tgz",
      "integrity": "sha1-sgOOhG3DO6pXlhKNCAS0VbjB4h0=",
      "dev": true
    },
    "define-properties": {
      "version": "1.1.3",
      "resolved": "https://registry.npmjs.org/define-properties/-/define-properties-1.1.3.tgz",
      "integrity": "sha1-z4jabL7ib+bbcJT2HYcMvYTO6fE=",
      "dev": true,
      "requires": {
        "object-keys": "^1.0.12"
      }
    },
    "dom-serializer": {
      "version": "0.1.1",
      "resolved": "https://registry.npmjs.org/dom-serializer/-/dom-serializer-0.1.1.tgz",
      "integrity": "sha1-HsQFnihLq+027sKUHUqXChic58A=",
      "dev": true,
      "requires": {
        "domelementtype": "^1.3.0",
        "entities": "^1.1.1"
      }
    },
    "domelementtype": {
      "version": "1.3.1",
      "resolved": "https://registry.npmjs.org/domelementtype/-/domelementtype-1.3.1.tgz",
      "integrity": "sha1-0EjESzew0Qp/Kj1f7j9DM9eQSB8=",
      "dev": true
    },
    "domutils": {
      "version": "1.7.0",
      "resolved": "https://registry.npmjs.org/domutils/-/domutils-1.7.0.tgz",
      "integrity": "sha1-Vuo0HoNOBuZ0ivehyyXaZ+qfjCo=",
      "dev": true,
      "requires": {
        "dom-serializer": "0",
        "domelementtype": "1"
      }
    },
    "dot-prop": {
      "version": "4.2.0",
      "resolved": "https://registry.npmjs.org/dot-prop/-/dot-prop-4.2.0.tgz",
      "integrity": "sha1-HxngwuGqDjJ5fEl5nyg3rGr2nFc=",
      "dev": true,
      "requires": {
        "is-obj": "^1.0.0"
      }
    },
    "electron-to-chromium": {
      "version": "1.3.122",
      "resolved": "https://registry.npmjs.org/electron-to-chromium/-/electron-to-chromium-1.3.122.tgz",
      "integrity": "sha1-syoIBfSFV708O4EE6tx/pRGxSpo=",
      "dev": true
    },
    "entities": {
      "version": "1.1.2",
      "resolved": "https://registry.npmjs.org/entities/-/entities-1.1.2.tgz",
      "integrity": "sha1-vfpzUplmTfr9NFKe1PhSKidf6lY=",
      "dev": true
    },
    "error-ex": {
      "version": "1.3.2",
      "resolved": "https://registry.npmjs.org/error-ex/-/error-ex-1.3.2.tgz",
      "integrity": "sha1-tKxAZIEH/c3PriQvQovqihTU8b8=",
      "dev": true,
      "requires": {
        "is-arrayish": "^0.2.1"
      }
    },
    "es-abstract": {
      "version": "1.13.0",
      "resolved": "https://registry.npmjs.org/es-abstract/-/es-abstract-1.13.0.tgz",
      "integrity": "sha1-rIYUX91QmdjdSVWMy6Lq+biOJOk=",
      "dev": true,
      "requires": {
        "es-to-primitive": "^1.2.0",
        "function-bind": "^1.1.1",
        "has": "^1.0.3",
        "is-callable": "^1.1.4",
        "is-regex": "^1.0.4",
        "object-keys": "^1.0.12"
      }
    },
    "es-to-primitive": {
      "version": "1.2.0",
      "resolved": "https://registry.npmjs.org/es-to-primitive/-/es-to-primitive-1.2.0.tgz",
      "integrity": "sha1-7fckeAM0VujdqO8J4ArZZQcH83c=",
      "dev": true,
      "requires": {
        "is-callable": "^1.1.4",
        "is-date-object": "^1.0.1",
        "is-symbol": "^1.0.2"
      }
    },
    "escape-string-regexp": {
      "version": "1.0.5",
      "resolved": "https://registry.npmjs.org/escape-string-regexp/-/escape-string-regexp-1.0.5.tgz",
      "integrity": "sha1-G2HAViGQqN/2rjuyzwIAyhMLhtQ=",
      "dev": true
    },
    "esprima": {
      "version": "4.0.1",
      "resolved": "https://registry.npmjs.org/esprima/-/esprima-4.0.1.tgz",
      "integrity": "sha512-eGuFFw7Upda+g4p+QHvnW0RyTX/SVeJBDM/gCtMARO0cLuT2HcEKnTPvhjV6aGeqrCB/sbNop0Kszm0jsaWU4A==",
      "dev": true
    },
    "function-bind": {
      "version": "1.1.1",
      "resolved": "https://registry.npmjs.org/function-bind/-/function-bind-1.1.1.tgz",
      "integrity": "sha1-pWiZ0+o8m6uHS7l3O3xe3pL0iV0=",
      "dev": true
    },
    "has": {
      "version": "1.0.3",
      "resolved": "https://registry.npmjs.org/has/-/has-1.0.3.tgz",
      "integrity": "sha1-ci18v8H2qoJB8W3YFOAR4fQeh5Y=",
      "dev": true,
      "requires": {
        "function-bind": "^1.1.1"
      }
    },
    "has-flag": {
      "version": "3.0.0",
      "resolved": "https://registry.npmjs.org/has-flag/-/has-flag-3.0.0.tgz",
      "integrity": "sha1-tdRU3CGZriJWmfNGfloH87lVuv0=",
      "dev": true
    },
    "has-symbols": {
      "version": "1.0.0",
      "resolved": "https://registry.npmjs.org/has-symbols/-/has-symbols-1.0.0.tgz",
      "integrity": "sha1-uhqPGvKg/DllD1yFA2dwQSIGO0Q=",
      "dev": true
    },
    "hash-sum": {
      "version": "1.0.2",
      "resolved": "https://registry.npmjs.org/hash-sum/-/hash-sum-1.0.2.tgz",
      "integrity": "sha1-M7QHd3VMZDJXPBIMw4CLvRDUfwQ=",
      "dev": true
    },
    "he": {
      "version": "1.2.0",
      "resolved": "https://registry.npmjs.org/he/-/he-1.2.0.tgz",
      "integrity": "sha1-hK5l+n6vsWX922FWauFLrwVmTw8=",
      "dev": true
    },
    "hex-color-regex": {
      "version": "1.1.0",
      "resolved": "https://registry.npmjs.org/hex-color-regex/-/hex-color-regex-1.1.0.tgz",
      "integrity": "sha1-TAb8y0YC/iYCs8k9+C1+fb8aio4=",
      "dev": true
    },
    "hsl-regex": {
      "version": "1.0.0",
      "resolved": "https://registry.npmjs.org/hsl-regex/-/hsl-regex-1.0.0.tgz",
      "integrity": "sha1-1JMwx4ntgZ4nakwNJy3/owsY/m4=",
      "dev": true
    },
    "hsla-regex": {
      "version": "1.0.0",
      "resolved": "https://registry.npmjs.org/hsla-regex/-/hsla-regex-1.0.0.tgz",
      "integrity": "sha1-wc56MWjIxmFAM6S194d/OyJfnDg=",
      "dev": true
    },
    "html-comment-regex": {
      "version": "1.1.2",
      "resolved": "https://registry.npmjs.org/html-comment-regex/-/html-comment-regex-1.1.2.tgz",
      "integrity": "sha1-l9RoiutcgYhqNk+qDK0d2hTUM6c=",
      "dev": true
    },
    "import-fresh": {
      "version": "2.0.0",
      "resolved": "https://registry.npmjs.org/import-fresh/-/import-fresh-2.0.0.tgz",
      "integrity": "sha1-2BNVwVYS04bGH53dOSLUMEgipUY=",
      "dev": true,
      "requires": {
        "caller-path": "^2.0.0",
        "resolve-from": "^3.0.0"
      }
    },
    "indexes-of": {
      "version": "1.0.1",
      "resolved": "https://registry.npmjs.org/indexes-of/-/indexes-of-1.0.1.tgz",
      "integrity": "sha1-8w9xbI4r00bHtn0985FVZqfAVgc=",
      "dev": true
    },
    "is-absolute-url": {
      "version": "2.1.0",
      "resolved": "https://registry.npmjs.org/is-absolute-url/-/is-absolute-url-2.1.0.tgz",
      "integrity": "sha1-UFMN+4T8yap9vnhS6Do3uTufKqY=",
      "dev": true
    },
    "is-arrayish": {
      "version": "0.2.1",
      "resolved": "https://registry.npmjs.org/is-arrayish/-/is-arrayish-0.2.1.tgz",
      "integrity": "sha1-d8mYQFJ6qOyxqLppe4BkWnqSap0=",
      "dev": true
    },
    "is-callable": {
      "version": "1.1.4",
      "resolved": "https://registry.npmjs.org/is-callable/-/is-callable-1.1.4.tgz",
      "integrity": "sha1-HhrfIZ4e62hNaR+dagX/DTCiTXU=",
      "dev": true
    },
    "is-color-stop": {
      "version": "1.1.0",
      "resolved": "https://registry.npmjs.org/is-color-stop/-/is-color-stop-1.1.0.tgz",
      "integrity": "sha1-z/9HGu5N1cnhWFmPvhKWe1za00U=",
      "dev": true,
      "requires": {
        "css-color-names": "^0.0.4",
        "hex-color-regex": "^1.1.0",
        "hsl-regex": "^1.0.0",
        "hsla-regex": "^1.0.0",
        "rgb-regex": "^1.0.1",
        "rgba-regex": "^1.0.0"
      }
    },
    "is-date-object": {
      "version": "1.0.1",
      "resolved": "https://registry.npmjs.org/is-date-object/-/is-date-object-1.0.1.tgz",
      "integrity": "sha1-mqIOtq7rv/d/vTPnTKAbM1gdOhY=",
      "dev": true
    },
    "is-directory": {
      "version": "0.3.1",
      "resolved": "https://registry.npmjs.org/is-directory/-/is-directory-0.3.1.tgz",
      "integrity": "sha1-YTObbyR1/Hcv2cnYP1yFddwVSuE=",
      "dev": true
    },
    "is-obj": {
      "version": "1.0.1",
      "resolved": "https://registry.npmjs.org/is-obj/-/is-obj-1.0.1.tgz",
      "integrity": "sha1-PkcprB9f3gJc19g6iW2rn09n2w8=",
      "dev": true
    },
    "is-regex": {
      "version": "1.0.4",
      "resolved": "https://registry.npmjs.org/is-regex/-/is-regex-1.0.4.tgz",
      "integrity": "sha1-VRdIm1RwkbCTDglWVM7SXul+lJE=",
      "dev": true,
      "requires": {
        "has": "^1.0.1"
      }
    },
    "is-resolvable": {
      "version": "1.1.0",
      "resolved": "https://registry.npmjs.org/is-resolvable/-/is-resolvable-1.1.0.tgz",
      "integrity": "sha1-+xj4fOH+uSUWnJpAfBkxijIG7Yg=",
      "dev": true
    },
    "is-svg": {
      "version": "3.0.0",
      "resolved": "https://registry.npmjs.org/is-svg/-/is-svg-3.0.0.tgz",
      "integrity": "sha1-kyHb0pwhLlypnE+peUxxS8r6L3U=",
      "dev": true,
      "requires": {
        "html-comment-regex": "^1.1.0"
      }
    },
    "is-symbol": {
      "version": "1.0.2",
      "resolved": "https://registry.npmjs.org/is-symbol/-/is-symbol-1.0.2.tgz",
      "integrity": "sha1-oFX2rlcZLK7jKeeoYBGLSXqVDzg=",
      "dev": true,
      "requires": {
        "has-symbols": "^1.0.0"
      }
    },
    "js-yaml": {
      "version": "3.13.1",
      "resolved": "https://registry.npmjs.org/js-yaml/-/js-yaml-3.13.1.tgz",
      "integrity": "sha512-YfbcO7jXDdyj0DGxYVSlSeQNHbD7XPWvrVWeVUujrQEoZzWJIRrCPoyk6kL6IAjAG2IolMK4T0hNUe0HOUs5Jw==",
      "dev": true,
      "requires": {
        "argparse": "^1.0.7",
        "esprima": "^4.0.0"
      }
    },
    "json-parse-better-errors": {
      "version": "1.0.2",
      "resolved": "https://registry.npmjs.org/json-parse-better-errors/-/json-parse-better-errors-1.0.2.tgz",
      "integrity": "sha1-u4Z8+zRQ5pEHwTHRxRS6s9yLyqk=",
      "dev": true
    },
    "lodash.memoize": {
      "version": "4.1.2",
      "resolved": "https://registry.npmjs.org/lodash.memoize/-/lodash.memoize-4.1.2.tgz",
      "integrity": "sha1-vMbEmkKihA7Zl/Mj6tpezRguC/4=",
      "dev": true
    },
    "lodash.uniq": {
      "version": "4.5.0",
      "resolved": "https://registry.npmjs.org/lodash.uniq/-/lodash.uniq-4.5.0.tgz",
      "integrity": "sha1-0CJTc662Uq3BvILklFM5qEJ1R3M=",
      "dev": true
    },
    "lru-cache": {
      "version": "4.1.5",
      "resolved": "https://registry.npmjs.org/lru-cache/-/lru-cache-4.1.5.tgz",
      "integrity": "sha1-i75Q6oW+1ZvJ4z3KuCNe6bz0Q80=",
      "dev": true,
      "requires": {
        "pseudomap": "^1.0.2",
        "yallist": "^2.1.2"
      }
    },
    "mdn-data": {
      "version": "1.1.4",
      "resolved": "https://registry.npmjs.org/mdn-data/-/mdn-data-1.1.4.tgz",
      "integrity": "sha1-ULXU/8RXUnZXPE7tuHgIEqhBnwE=",
      "dev": true
    },
    "merge-source-map": {
      "version": "1.1.0",
      "resolved": "https://registry.npmjs.org/merge-source-map/-/merge-source-map-1.1.0.tgz",
      "integrity": "sha1-L93n5gIJOfcJBqaPLXrmheTIxkY=",
      "dev": true,
      "requires": {
        "source-map": "^0.6.1"
      }
    },
    "minimist": {
      "version": "0.0.8",
      "resolved": "https://registry.npmjs.org/minimist/-/minimist-0.0.8.tgz",
      "integrity": "sha1-hX/Kv8M5fSYluCKCYuhqp6ARsF0=",
      "dev": true
    },
    "mkdirp": {
      "version": "0.5.1",
      "resolved": "https://registry.npmjs.org/mkdirp/-/mkdirp-0.5.1.tgz",
      "integrity": "sha1-MAV0OOrGz3+MR2fzhkjWaX11yQM=",
      "dev": true,
      "requires": {
        "minimist": "0.0.8"
      }
    },
    "node-releases": {
      "version": "1.1.12",
      "resolved": "https://registry.npmjs.org/node-releases/-/node-releases-1.1.12.tgz",
      "integrity": "sha512-Y+AQ1xdjcgaEzpL65PBEF3fnl1FNKnDh9Zm+AUQLIlyyqtSc4u93jyMN4zrjMzdwKQ10RTr3tgY1x7qpsfF/xg==",
      "dev": true,
      "requires": {
        "semver": "^5.3.0"
      }
    },
    "normalize-url": {
      "version": "3.3.0",
      "resolved": "https://registry.npmjs.org/normalize-url/-/normalize-url-3.3.0.tgz",
      "integrity": "sha1-suHE3E98bVd0PfczpPWXjRhlBVk=",
      "dev": true
    },
    "nth-check": {
      "version": "1.0.2",
      "resolved": "https://registry.npmjs.org/nth-check/-/nth-check-1.0.2.tgz",
      "integrity": "sha1-sr0pXDfj3VijvwcAN2Zjuk2c8Fw=",
      "dev": true,
      "requires": {
        "boolbase": "~1.0.0"
      }
    },
    "object-keys": {
      "version": "1.1.0",
      "resolved": "https://registry.npmjs.org/object-keys/-/object-keys-1.1.0.tgz",
      "integrity": "sha1-Eb0iNI3S4JagRasG9shbzDQPoDI=",
      "dev": true
    },
    "object.getownpropertydescriptors": {
      "version": "2.0.3",
      "resolved": "https://registry.npmjs.org/object.getownpropertydescriptors/-/object.getownpropertydescriptors-2.0.3.tgz",
      "integrity": "sha1-h1jIRvW0B62rDyNuCYbxSwUcqhY=",
      "dev": true,
      "requires": {
        "define-properties": "^1.1.2",
        "es-abstract": "^1.5.1"
      }
    },
    "object.values": {
      "version": "1.1.0",
      "resolved": "https://registry.npmjs.org/object.values/-/object.values-1.1.0.tgz",
      "integrity": "sha1-v2gQ712j5TJXkOqqK+IT6oRiTak=",
      "dev": true,
      "requires": {
        "define-properties": "^1.1.3",
        "es-abstract": "^1.12.0",
        "function-bind": "^1.1.1",
        "has": "^1.0.3"
      }
    },
    "parse-json": {
      "version": "4.0.0",
      "resolved": "https://registry.npmjs.org/parse-json/-/parse-json-4.0.0.tgz",
      "integrity": "sha1-vjX1Qlvh9/bHRxhPmKeIy5lHfuA=",
      "dev": true,
      "requires": {
        "error-ex": "^1.3.1",
        "json-parse-better-errors": "^1.0.1"
      }
    },
    "postcss": {
      "version": "7.0.14",
      "resolved": "https://registry.npmjs.org/postcss/-/postcss-7.0.14.tgz",
      "integrity": "sha1-RSftaxyg2CxTzl7BogQcI0a71uU=",
      "dev": true,
      "requires": {
        "chalk": "^2.4.2",
        "source-map": "^0.6.1",
        "supports-color": "^6.1.0"
      }
    },
    "postcss-calc": {
      "version": "7.0.1",
      "resolved": "https://registry.npmjs.org/postcss-calc/-/postcss-calc-7.0.1.tgz",
      "integrity": "sha1-Ntd7qwI7Dsu5eJ2E3LI8SUEUVDY=",
      "dev": true,
      "requires": {
        "css-unit-converter": "^1.1.1",
        "postcss": "^7.0.5",
        "postcss-selector-parser": "^5.0.0-rc.4",
        "postcss-value-parser": "^3.3.1"
      }
    },
    "postcss-colormin": {
      "version": "4.0.3",
      "resolved": "https://registry.npmjs.org/postcss-colormin/-/postcss-colormin-4.0.3.tgz",
      "integrity": "sha1-rgYLzpPteUrHEmTwgTLVUJVr04E=",
      "dev": true,
      "requires": {
        "browserslist": "^4.0.0",
        "color": "^3.0.0",
        "has": "^1.0.0",
        "postcss": "^7.0.0",
        "postcss-value-parser": "^3.0.0"
      }
    },
    "postcss-convert-values": {
      "version": "4.0.1",
      "resolved": "https://registry.npmjs.org/postcss-convert-values/-/postcss-convert-values-4.0.1.tgz",
      "integrity": "sha1-yjgT7U2g+BL51DcDWE5Enr4Ymn8=",
      "dev": true,
      "requires": {
        "postcss": "^7.0.0",
        "postcss-value-parser": "^3.0.0"
      }
    },
    "postcss-discard-comments": {
      "version": "4.0.2",
      "resolved": "https://registry.npmjs.org/postcss-discard-comments/-/postcss-discard-comments-4.0.2.tgz",
      "integrity": "sha1-H7q9LCRr/2qq15l7KwkY9NevQDM=",
      "dev": true,
      "requires": {
        "postcss": "^7.0.0"
      }
    },
    "postcss-discard-duplicates": {
      "version": "4.0.2",
      "resolved": "https://registry.npmjs.org/postcss-discard-duplicates/-/postcss-discard-duplicates-4.0.2.tgz",
      "integrity": "sha1-P+EzzTyCKC5VD8myORdqkge3hOs=",
      "dev": true,
      "requires": {
        "postcss": "^7.0.0"
      }
    },
    "postcss-discard-empty": {
      "version": "4.0.1",
      "resolved": "https://registry.npmjs.org/postcss-discard-empty/-/postcss-discard-empty-4.0.1.tgz",
      "integrity": "sha1-yMlR6fc+2UKAGUWERKAq2Qu592U=",
      "dev": true,
      "requires": {
        "postcss": "^7.0.0"
      }
    },
    "postcss-discard-overridden": {
      "version": "4.0.1",
      "resolved": "https://registry.npmjs.org/postcss-discard-overridden/-/postcss-discard-overridden-4.0.1.tgz",
      "integrity": "sha1-ZSrvipZybwKfXj4AFG7npOdV/1c=",
      "dev": true,
      "requires": {
        "postcss": "^7.0.0"
      }
    },
    "postcss-merge-longhand": {
      "version": "4.0.11",
      "resolved": "https://registry.npmjs.org/postcss-merge-longhand/-/postcss-merge-longhand-4.0.11.tgz",
      "integrity": "sha1-YvSaE+Sg7gTnuY9CuxYGLKJUniQ=",
      "dev": true,
      "requires": {
        "css-color-names": "0.0.4",
        "postcss": "^7.0.0",
        "postcss-value-parser": "^3.0.0",
        "stylehacks": "^4.0.0"
      }
    },
    "postcss-merge-rules": {
      "version": "4.0.3",
      "resolved": "https://registry.npmjs.org/postcss-merge-rules/-/postcss-merge-rules-4.0.3.tgz",
      "integrity": "sha1-NivqT/Wh+Y5AdacTxsslrv75plA=",
      "dev": true,
      "requires": {
        "browserslist": "^4.0.0",
        "caniuse-api": "^3.0.0",
        "cssnano-util-same-parent": "^4.0.0",
        "postcss": "^7.0.0",
        "postcss-selector-parser": "^3.0.0",
        "vendors": "^1.0.0"
      },
      "dependencies": {
        "postcss-selector-parser": {
          "version": "3.1.1",
          "resolved": "https://registry.npmjs.org/postcss-selector-parser/-/postcss-selector-parser-3.1.1.tgz",
          "integrity": "sha1-T4dfSvsMllc9XPTXQBGu4lCn6GU=",
          "dev": true,
          "requires": {
            "dot-prop": "^4.1.1",
            "indexes-of": "^1.0.1",
            "uniq": "^1.0.1"
          }
        }
      }
    },
    "postcss-minify-font-values": {
      "version": "4.0.2",
      "resolved": "https://registry.npmjs.org/postcss-minify-font-values/-/postcss-minify-font-values-4.0.2.tgz",
      "integrity": "sha1-zUw0TM5HQ0P6xdgiBqssvLiv1aY=",
      "dev": true,
      "requires": {
        "postcss": "^7.0.0",
        "postcss-value-parser": "^3.0.0"
      }
    },
    "postcss-minify-gradients": {
      "version": "4.0.2",
      "resolved": "https://registry.npmjs.org/postcss-minify-gradients/-/postcss-minify-gradients-4.0.2.tgz",
      "integrity": "sha1-k7KcL/UJnFNe7NpWxKpuZlpmNHE=",
      "dev": true,
      "requires": {
        "cssnano-util-get-arguments": "^4.0.0",
        "is-color-stop": "^1.0.0",
        "postcss": "^7.0.0",
        "postcss-value-parser": "^3.0.0"
      }
    },
    "postcss-minify-params": {
      "version": "4.0.2",
      "resolved": "https://registry.npmjs.org/postcss-minify-params/-/postcss-minify-params-4.0.2.tgz",
      "integrity": "sha1-a5zvAwwR41Jh+V9hjJADbWgNuHQ=",
      "dev": true,
      "requires": {
        "alphanum-sort": "^1.0.0",
        "browserslist": "^4.0.0",
        "cssnano-util-get-arguments": "^4.0.0",
        "postcss": "^7.0.0",
        "postcss-value-parser": "^3.0.0",
        "uniqs": "^2.0.0"
      }
    },
    "postcss-minify-selectors": {
      "version": "4.0.2",
      "resolved": "https://registry.npmjs.org/postcss-minify-selectors/-/postcss-minify-selectors-4.0.2.tgz",
      "integrity": "sha1-4uXrQL/uUA0M2SQ1APX46kJi+9g=",
      "dev": true,
      "requires": {
        "alphanum-sort": "^1.0.0",
        "has": "^1.0.0",
        "postcss": "^7.0.0",
        "postcss-selector-parser": "^3.0.0"
      },
      "dependencies": {
        "postcss-selector-parser": {
          "version": "3.1.1",
          "resolved": "https://registry.npmjs.org/postcss-selector-parser/-/postcss-selector-parser-3.1.1.tgz",
          "integrity": "sha1-T4dfSvsMllc9XPTXQBGu4lCn6GU=",
          "dev": true,
          "requires": {
            "dot-prop": "^4.1.1",
            "indexes-of": "^1.0.1",
            "uniq": "^1.0.1"
          }
        }
      }
    },
    "postcss-normalize-charset": {
      "version": "4.0.1",
      "resolved": "https://registry.npmjs.org/postcss-normalize-charset/-/postcss-normalize-charset-4.0.1.tgz",
      "integrity": "sha1-izWt067oOhNrBHHg1ZvlilAoXdQ=",
      "dev": true,
      "requires": {
        "postcss": "^7.0.0"
      }
    },
    "postcss-normalize-display-values": {
      "version": "4.0.2",
      "resolved": "https://registry.npmjs.org/postcss-normalize-display-values/-/postcss-normalize-display-values-4.0.2.tgz",
      "integrity": "sha1-Db4EpM6QY9RmftK+R2u4MMglk1o=",
      "dev": true,
      "requires": {
        "cssnano-util-get-match": "^4.0.0",
        "postcss": "^7.0.0",
        "postcss-value-parser": "^3.0.0"
      }
    },
    "postcss-normalize-positions": {
      "version": "4.0.2",
      "resolved": "https://registry.npmjs.org/postcss-normalize-positions/-/postcss-normalize-positions-4.0.2.tgz",
      "integrity": "sha1-BfdX+E8mBDc3g2ipH4ky1LECkX8=",
      "dev": true,
      "requires": {
        "cssnano-util-get-arguments": "^4.0.0",
        "has": "^1.0.0",
        "postcss": "^7.0.0",
        "postcss-value-parser": "^3.0.0"
      }
    },
    "postcss-normalize-repeat-style": {
      "version": "4.0.2",
      "resolved": "https://registry.npmjs.org/postcss-normalize-repeat-style/-/postcss-normalize-repeat-style-4.0.2.tgz",
      "integrity": "sha1-xOu8KJ85kaAo1EdRy90RkYsXkQw=",
      "dev": true,
      "requires": {
        "cssnano-util-get-arguments": "^4.0.0",
        "cssnano-util-get-match": "^4.0.0",
        "postcss": "^7.0.0",
        "postcss-value-parser": "^3.0.0"
      }
    },
    "postcss-normalize-string": {
      "version": "4.0.2",
      "resolved": "https://registry.npmjs.org/postcss-normalize-string/-/postcss-normalize-string-4.0.2.tgz",
      "integrity": "sha1-zUTECrB6DHo23F6Zqs4eyk7CaQw=",
      "dev": true,
      "requires": {
        "has": "^1.0.0",
        "postcss": "^7.0.0",
        "postcss-value-parser": "^3.0.0"
      }
    },
    "postcss-normalize-timing-functions": {
      "version": "4.0.2",
      "resolved": "https://registry.npmjs.org/postcss-normalize-timing-functions/-/postcss-normalize-timing-functions-4.0.2.tgz",
      "integrity": "sha1-jgCcoqOUnNr4rSPmtquZy159KNk=",
      "dev": true,
      "requires": {
        "cssnano-util-get-match": "^4.0.0",
        "postcss": "^7.0.0",
        "postcss-value-parser": "^3.0.0"
      }
    },
    "postcss-normalize-unicode": {
      "version": "4.0.1",
      "resolved": "https://registry.npmjs.org/postcss-normalize-unicode/-/postcss-normalize-unicode-4.0.1.tgz",
      "integrity": "sha1-hBvUj9zzAZrUuqdJOj02O1KuHPs=",
      "dev": true,
      "requires": {
        "browserslist": "^4.0.0",
        "postcss": "^7.0.0",
        "postcss-value-parser": "^3.0.0"
      }
    },
    "postcss-normalize-url": {
      "version": "4.0.1",
      "resolved": "https://registry.npmjs.org/postcss-normalize-url/-/postcss-normalize-url-4.0.1.tgz",
      "integrity": "sha1-EOQ3+GvHx+WPe5ZS7YeNqqlfquE=",
      "dev": true,
      "requires": {
        "is-absolute-url": "^2.0.0",
        "normalize-url": "^3.0.0",
        "postcss": "^7.0.0",
        "postcss-value-parser": "^3.0.0"
      }
    },
    "postcss-normalize-whitespace": {
      "version": "4.0.2",
      "resolved": "https://registry.npmjs.org/postcss-normalize-whitespace/-/postcss-normalize-whitespace-4.0.2.tgz",
      "integrity": "sha1-vx1AcP5Pzqh9E0joJdjMDF+qfYI=",
      "dev": true,
      "requires": {
        "postcss": "^7.0.0",
        "postcss-value-parser": "^3.0.0"
      }
    },
    "postcss-ordered-values": {
      "version": "4.1.2",
      "resolved": "https://registry.npmjs.org/postcss-ordered-values/-/postcss-ordered-values-4.1.2.tgz",
      "integrity": "sha1-DPdcgg7H1cTSgBiVWeC1ceusDu4=",
      "dev": true,
      "requires": {
        "cssnano-util-get-arguments": "^4.0.0",
        "postcss": "^7.0.0",
        "postcss-value-parser": "^3.0.0"
      }
    },
    "postcss-reduce-initial": {
      "version": "4.0.3",
      "resolved": "https://registry.npmjs.org/postcss-reduce-initial/-/postcss-reduce-initial-4.0.3.tgz",
      "integrity": "sha1-f9QuvqXpyBRgljniwuhK4nC6SN8=",
      "dev": true,
      "requires": {
        "browserslist": "^4.0.0",
        "caniuse-api": "^3.0.0",
        "has": "^1.0.0",
        "postcss": "^7.0.0"
      }
    },
    "postcss-reduce-transforms": {
      "version": "4.0.2",
      "resolved": "https://registry.npmjs.org/postcss-reduce-transforms/-/postcss-reduce-transforms-4.0.2.tgz",
      "integrity": "sha1-F++kBerMbge+NBSlyi0QdGgdTik=",
      "dev": true,
      "requires": {
        "cssnano-util-get-match": "^4.0.0",
        "has": "^1.0.0",
        "postcss": "^7.0.0",
        "postcss-value-parser": "^3.0.0"
      }
    },
    "postcss-selector-parser": {
      "version": "5.0.0",
      "resolved": "https://registry.npmjs.org/postcss-selector-parser/-/postcss-selector-parser-5.0.0.tgz",
      "integrity": "sha1-JJBENWaXsztk8aj3yAki3d7nGVw=",
      "dev": true,
      "requires": {
        "cssesc": "^2.0.0",
        "indexes-of": "^1.0.1",
        "uniq": "^1.0.1"
      }
    },
    "postcss-svgo": {
      "version": "4.0.2",
      "resolved": "https://registry.npmjs.org/postcss-svgo/-/postcss-svgo-4.0.2.tgz",
      "integrity": "sha1-F7mXvHEbMzurFDqu07jT1uPTglg=",
      "dev": true,
      "requires": {
        "is-svg": "^3.0.0",
        "postcss": "^7.0.0",
        "postcss-value-parser": "^3.0.0",
        "svgo": "^1.0.0"
      }
    },
    "postcss-unique-selectors": {
      "version": "4.0.1",
      "resolved": "https://registry.npmjs.org/postcss-unique-selectors/-/postcss-unique-selectors-4.0.1.tgz",
      "integrity": "sha1-lEaRHzKJv9ZMbWgPBzwDsfnuS6w=",
      "dev": true,
      "requires": {
        "alphanum-sort": "^1.0.0",
        "postcss": "^7.0.0",
        "uniqs": "^2.0.0"
      }
    },
    "postcss-value-parser": {
      "version": "3.3.1",
      "resolved": "https://registry.npmjs.org/postcss-value-parser/-/postcss-value-parser-3.3.1.tgz",
      "integrity": "sha1-n/giVH4okyE88cMO+lGsX9G6goE=",
      "dev": true
    },
    "prettier": {
      "version": "1.16.3",
      "resolved": "https://registry.npmjs.org/prettier/-/prettier-1.16.3.tgz",
      "integrity": "sha1-jGIWhFO63vcC80tFtu6JlXSmpl0=",
      "dev": true
    },
    "pseudomap": {
      "version": "1.0.2",
      "resolved": "https://registry.npmjs.org/pseudomap/-/pseudomap-1.0.2.tgz",
      "integrity": "sha1-8FKijacOYYkX7wqKw0wa5aaChrM=",
      "dev": true
    },
    "q": {
      "version": "1.5.1",
      "resolved": "https://registry.npmjs.org/q/-/q-1.5.1.tgz",
      "integrity": "sha1-fjL3W0E4EpHQRhHxvxQQmsAGUdc=",
      "dev": true
    },
    "resolve-from": {
      "version": "3.0.0",
      "resolved": "https://registry.npmjs.org/resolve-from/-/resolve-from-3.0.0.tgz",
      "integrity": "sha1-six699nWiBvItuZTM17rywoYh0g=",
      "dev": true
    },
    "rgb-regex": {
      "version": "1.0.1",
      "resolved": "https://registry.npmjs.org/rgb-regex/-/rgb-regex-1.0.1.tgz",
      "integrity": "sha1-wODWiC3w4jviVKR16O3UGRX+rrE=",
      "dev": true
    },
    "rgba-regex": {
      "version": "1.0.0",
      "resolved": "https://registry.npmjs.org/rgba-regex/-/rgba-regex-1.0.0.tgz",
      "integrity": "sha1-QzdOLiyglosO8VI0YLfXMP8i7rM=",
      "dev": true
    },
    "sax": {
      "version": "1.2.4",
      "resolved": "https://registry.npmjs.org/sax/-/sax-1.2.4.tgz",
      "integrity": "sha1-KBYjTiN4vdxOU1T6tcqold9xANk=",
      "dev": true
    },
    "semver": {
      "version": "5.7.0",
      "resolved": "https://registry.npmjs.org/semver/-/semver-5.7.0.tgz",
      "integrity": "sha1-eQp89v6lRZuslhELKbYEEtyP+Ws=",
      "dev": true
    },
    "simple-swizzle": {
      "version": "0.2.2",
      "resolved": "https://registry.npmjs.org/simple-swizzle/-/simple-swizzle-0.2.2.tgz",
      "integrity": "sha1-pNprY1/8zMoz9w0Xy5JZLeleVXo=",
      "dev": true,
      "requires": {
        "is-arrayish": "^0.3.1"
      },
      "dependencies": {
        "is-arrayish": {
          "version": "0.3.2",
          "resolved": "https://registry.npmjs.org/is-arrayish/-/is-arrayish-0.3.2.tgz",
          "integrity": "sha1-RXSirlb3qyBolvtDHq7tBm/fjwM=",
          "dev": true
        }
      }
    },
    "source-map": {
      "version": "0.6.1",
      "resolved": "https://registry.npmjs.org/source-map/-/source-map-0.6.1.tgz",
      "integrity": "sha1-dHIq8y6WFOnCh6jQu95IteLxomM=",
      "dev": true
    },
    "sprintf-js": {
      "version": "1.0.3",
      "resolved": "https://registry.npmjs.org/sprintf-js/-/sprintf-js-1.0.3.tgz",
      "integrity": "sha1-BOaSb2YolTVPPdAVIDYzuFcpfiw=",
      "dev": true
    },
    "stable": {
      "version": "0.1.8",
      "resolved": "https://registry.npmjs.org/stable/-/stable-0.1.8.tgz",
      "integrity": "sha1-g26zyDgv4pNv6vVEYxAXzn1Ho88=",
      "dev": true
    },
    "stylehacks": {
      "version": "4.0.3",
      "resolved": "https://registry.npmjs.org/stylehacks/-/stylehacks-4.0.3.tgz",
      "integrity": "sha1-Zxj8r00eB9ihMYaQiB6NlnJqcdU=",
      "dev": true,
      "requires": {
        "browserslist": "^4.0.0",
        "postcss": "^7.0.0",
        "postcss-selector-parser": "^3.0.0"
      },
      "dependencies": {
        "postcss-selector-parser": {
          "version": "3.1.1",
          "resolved": "https://registry.npmjs.org/postcss-selector-parser/-/postcss-selector-parser-3.1.1.tgz",
          "integrity": "sha1-T4dfSvsMllc9XPTXQBGu4lCn6GU=",
          "dev": true,
          "requires": {
            "dot-prop": "^4.1.1",
            "indexes-of": "^1.0.1",
            "uniq": "^1.0.1"
          }
        }
      }
    },
    "supports-color": {
      "version": "6.1.0",
      "resolved": "https://registry.npmjs.org/supports-color/-/supports-color-6.1.0.tgz",
      "integrity": "sha1-B2Srxpxj1ayELdSGfo0CXogN+PM=",
      "dev": true,
      "requires": {
        "has-flag": "^3.0.0"
      }
    },
    "svgo": {
      "version": "1.2.0",
      "resolved": "https://registry.npmjs.org/svgo/-/svgo-1.2.0.tgz",
      "integrity": "sha1-MFqPwPT5cQgoxlA5u5PVeTIl/8M=",
      "dev": true,
      "requires": {
        "chalk": "^2.4.1",
        "coa": "^2.0.2",
        "css-select": "^2.0.0",
        "css-select-base-adapter": "^0.1.1",
        "css-tree": "1.0.0-alpha.28",
        "css-url-regex": "^1.1.0",
        "csso": "^3.5.1",
        "js-yaml": "^3.12.0",
        "mkdirp": "~0.5.1",
        "object.values": "^1.1.0",
        "sax": "~1.2.4",
        "stable": "^0.1.8",
        "unquote": "~1.1.1",
        "util.promisify": "~1.0.0"
      }
    },
    "timsort": {
      "version": "0.3.0",
      "resolved": "https://registry.npmjs.org/timsort/-/timsort-0.3.0.tgz",
      "integrity": "sha1-QFQRqOfmM5/mTbmiNN4R3DHgK9Q=",
      "dev": true
    },
    "uniq": {
      "version": "1.0.1",
      "resolved": "https://registry.npmjs.org/uniq/-/uniq-1.0.1.tgz",
      "integrity": "sha1-sxxa6CVIRKOoKBVBzisEuGWnNP8=",
      "dev": true
    },
    "uniqs": {
      "version": "2.0.0",
      "resolved": "https://registry.npmjs.org/uniqs/-/uniqs-2.0.0.tgz",
      "integrity": "sha1-/+3ks2slKQaW5uFl1KWe25mOawI=",
      "dev": true
    },
    "unquote": {
      "version": "1.1.1",
      "resolved": "https://registry.npmjs.org/unquote/-/unquote-1.1.1.tgz",
      "integrity": "sha1-j97XMk7G6IoP+LkF58CYzcCG1UQ=",
      "dev": true
    },
    "util.promisify": {
      "version": "1.0.0",
      "resolved": "https://registry.npmjs.org/util.promisify/-/util.promisify-1.0.0.tgz",
      "integrity": "sha1-RA9xZaRZyaFtwUXrjnLzVocJcDA=",
      "dev": true,
      "requires": {
        "define-properties": "^1.1.2",
        "object.getownpropertydescriptors": "^2.0.3"
      }
    },
    "vendors": {
      "version": "1.0.2",
      "resolved": "https://registry.npmjs.org/vendors/-/vendors-1.0.2.tgz",
      "integrity": "sha1-f8te759WI7FWvOqJ7DfWNnbyGAE=",
      "dev": true
    },
    "vue": {
      "version": "2.6.10",
      "resolved": "https://registry.npmjs.org/vue/-/vue-2.6.10.tgz",
      "integrity": "sha512-ImThpeNU9HbdZL3utgMCq0oiMzAkt1mcgy3/E6zWC/G6AaQoeuFdsl9nDhTDU3X1R6FK7nsIUuRACVcjI+A2GQ=="
    },
    "vue-hot-reload-api": {
      "version": "2.3.3",
      "resolved": "https://registry.npmjs.org/vue-hot-reload-api/-/vue-hot-reload-api-2.3.3.tgz",
      "integrity": "sha1-J1b0bLMlgFTF9HI96K5+hzAqHM8=",
      "dev": true
    },
    "vue-js-modal": {
      "version": "1.3.28",
      "resolved": "https://registry.npmjs.org/vue-js-modal/-/vue-js-modal-1.3.28.tgz",
      "integrity": "sha512-ory5ymvMVDnyd/+i+DY4OZN1W8aS4gyPYwU8yvfhTc1sNTNEReBNd94MmBCOjJRihsaEl5daeWTKvsjujnqlsw=="
    },
    "vue-select": {
      "version": "2.6.4",
      "resolved": "https://registry.npmjs.org/vue-select/-/vue-select-2.6.4.tgz",
      "integrity": "sha512-OZIzzGlYwro2QcgAmcn2c4LQDPrYIT3+iaf4WciKPIeFFjgzRti6FC5Qjr2XEPqd85wqtsifuYyxsyb/JoJ4CQ=="
    },
    "vue-template-compiler": {
      "version": "2.6.10",
      "resolved": "https://registry.npmjs.org/vue-template-compiler/-/vue-template-compiler-2.6.10.tgz",
      "integrity": "sha1-MjtPNJXwT6o1AzN6gvXWUHeZycw=",
      "dev": true,
      "requires": {
        "de-indent": "^1.0.2",
        "he": "^1.1.0"
      }
    },
    "vue-template-es2015-compiler": {
      "version": "1.9.1",
      "resolved": "https://registry.npmjs.org/vue-template-es2015-compiler/-/vue-template-es2015-compiler-1.9.1.tgz",
      "integrity": "sha1-HuO8mhbsv1EYvjNLsV+cRvgvWCU=",
      "dev": true
    },
    "yallist": {
      "version": "2.1.2",
      "resolved": "https://registry.npmjs.org/yallist/-/yallist-2.1.2.tgz",
      "integrity": "sha1-HBH5IY8HYImkfdUS+TxmmaaoHVI=",
      "dev": true
    }
  }
}
